# THIS IS AN AUTOGENERATED FILE. DO NOT EDIT THIS FILE DIRECTLY.
# yarn lockfile v1


"@esbuild/android-arm64@0.17.0":
  version "0.17.0"
  resolved "https://registry.yarnpkg.com/@esbuild/android-arm64/-/android-arm64-0.17.0.tgz#dd4c28274f08a16be95430d19fc0dab835fd2eae"
  integrity sha512-77GVyD7ToESy/7+9eI8z62GGBdS/hsqsrpM+JA4kascky86wHbN29EEFpkVvxajPL7k6mbLJ5VBQABdj7n9FhQ==

"@esbuild/android-arm@0.17.0":
  version "0.17.0"
  resolved "https://registry.yarnpkg.com/@esbuild/android-arm/-/android-arm-0.17.0.tgz#10d289617902f877a28f9f7913f4f54a4e699875"
  integrity sha512-hlbX5ym1V5kIKvnwFhm6rhar7MNqfJrZyYTNfk6+WS1uQfQmszFgXeyPH2beP3lSCumZyqX0zMBfOqftOpZ7GA==

"@esbuild/android-x64@0.17.0":
  version "0.17.0"
  resolved "https://registry.yarnpkg.com/@esbuild/android-x64/-/android-x64-0.17.0.tgz#b0c124e434cec1a6551b400850458c860a30ecb4"
  integrity sha512-TroxZdZhtAz0JyD0yahtjcbKuIXrBEAoAazaYSeR2e2tUtp9uXrcbpwFJF6oxxOiOOne6y7l4hx4YVnMW/tdFw==

"@esbuild/darwin-arm64@0.17.0":
  version "0.17.0"
  resolved "https://registry.yarnpkg.com/@esbuild/darwin-arm64/-/darwin-arm64-0.17.0.tgz#4a1b65e756cc29e8d68a5ace0a2eb1c63614a767"
  integrity sha512-wP/v4cgdWt1m8TS/WmbaBc3NZON10eCbm6XepdVc3zJuqruHCzCKcC9dTSTEk50zX04REcRcbIbdhTMciQoFIg==

"@esbuild/darwin-x64@0.17.0":
  version "0.17.0"
  resolved "https://registry.yarnpkg.com/@esbuild/darwin-x64/-/darwin-x64-0.17.0.tgz#9a59890391f17cd3998d2c7959ea70a1aad28c93"
  integrity sha512-R4WB6D6V9KGO/3LVTT8UlwRJO26IBFatOdo/bRXksfJR0vyOi2/lgmAAMBSpgcnnwvts9QsWiyM++mTTlwRseA==

"@esbuild/freebsd-arm64@0.17.0":
  version "0.17.0"
  resolved "https://registry.yarnpkg.com/@esbuild/freebsd-arm64/-/freebsd-arm64-0.17.0.tgz#3412ffa1703c991b4d562176881fb43a9ee6f7e3"
  integrity sha512-FO7+UEZv79gen2df8StFYFHZPI9ADozpFepLZCxY+O8sYLDa1rirvenmLwJiOHmeQRJ5orYedFeLk1PFlZ6t8Q==

"@esbuild/freebsd-x64@0.17.0":
  version "0.17.0"
  resolved "https://registry.yarnpkg.com/@esbuild/freebsd-x64/-/freebsd-x64-0.17.0.tgz#427f2a07c997fb30f1a8906b070e28959f38f1e2"
  integrity sha512-qCsNRsVTaC3ekwZcb2sa7l1gwCtJK3EqCWyDgpoQocYf3lRpbAzaCvqZSF2+NOO64cV+JbedXPsFiXU1aaVcIg==

"@esbuild/linux-arm64@0.17.0":
  version "0.17.0"
  resolved "https://registry.yarnpkg.com/@esbuild/linux-arm64/-/linux-arm64-0.17.0.tgz#0e32c6a6b290406b1203854c2d594987570dd66c"
  integrity sha512-js4Vlch5XJQYISbDVJd2hsI/MsfVUz6d/FrclCE73WkQmniH37vFpuQI42ntWAeBghDIfaPZ6f9GilhwGzVFUg==

"@esbuild/linux-arm@0.17.0":
  version "0.17.0"
  resolved "https://registry.yarnpkg.com/@esbuild/linux-arm/-/linux-arm-0.17.0.tgz#5a70a95bf336035884dee123b5453aeab9c608f3"
  integrity sha512-Y2G2NU6155gcfNKvrakVmZV5xUAEhXjsN/uKtbKKRnvee0mHUuaT3OdQJDJKjHVGr6B0898pc3slRpI1PqspoQ==

"@esbuild/linux-ia32@0.17.0":
  version "0.17.0"
  resolved "https://registry.yarnpkg.com/@esbuild/linux-ia32/-/linux-ia32-0.17.0.tgz#47baca8e733405a81952bcc475da1b8e5682915f"
  integrity sha512-7tl/jSPkF59R3zeFDB2/09zLGhcM7DM+tCoOqjJbQjuL6qbMWomGT2RglCqRFpCSdzBx0hukmPPgUAMlmdj0sQ==

"@esbuild/linux-loong64@0.17.0":
  version "0.17.0"
  resolved "https://registry.yarnpkg.com/@esbuild/linux-loong64/-/linux-loong64-0.17.0.tgz#809398ca125ba3b57d4d12d261f2471ac32b1edb"
  integrity sha512-OG356F7dIVVF+EXJx5UfzFr1I5l6ES53GlMNSr3U1MhlaVyrP9um5PnrSJ+7TSDAzUC7YGjxb2GQWqHLd5XFoA==

"@esbuild/linux-mips64el@0.17.0":
  version "0.17.0"
  resolved "https://registry.yarnpkg.com/@esbuild/linux-mips64el/-/linux-mips64el-0.17.0.tgz#94b50097a3421ff538eb6a41cd4fb5db4c4993ff"
  integrity sha512-LWQJgGpxrjh2x08UYf6G5R+Km7zhkpCvKXtFQ6SX0fimDvy1C8kslgFHGxLS0wjGV8C4BNnENW/HNy57+RB7iA==

"@esbuild/linux-ppc64@0.17.0":
  version "0.17.0"
  resolved "https://registry.yarnpkg.com/@esbuild/linux-ppc64/-/linux-ppc64-0.17.0.tgz#3a580bc8b494d3b273cf08a3bb0d893b31b786ae"
  integrity sha512-f40N8fKiTQslUcUuhof2/syOQ+DC9Mqdnm9d063pew+Ptv9r6dBNLQCz4300MOfCLAbb0SdnrcMSzHbMehXWLw==

"@esbuild/linux-riscv64@0.17.0":
  version "0.17.0"
  resolved "https://registry.yarnpkg.com/@esbuild/linux-riscv64/-/linux-riscv64-0.17.0.tgz#bf75f769e5fa35d143bc5759520e4277b3a95bcc"
  integrity sha512-sc/pvLexRvxgEbmeq7LfLGnzUBFi/E2MGbnQj3CG8tnQ90tWPTi+9CbZEgIADhj6CAlCCmqxpUclIV1CRVUOTw==

"@esbuild/linux-s390x@0.17.0":
  version "0.17.0"
  resolved "https://registry.yarnpkg.com/@esbuild/linux-s390x/-/linux-s390x-0.17.0.tgz#ad6569476d6751cc9255fe059a5e074a08dd3e27"
  integrity sha512-7xq9/kY0vunCL2vjHKdHGI+660pCdeEC6K6TWBVvbTGXvT8s/qacfxMgr8PCeQRbNUZLOA13G6/G1+c0lYXO1A==

"@esbuild/linux-x64@0.17.0":
  version "0.17.0"
  resolved "https://registry.yarnpkg.com/@esbuild/linux-x64/-/linux-x64-0.17.0.tgz#7e38c248b8c9f39240c0914872f93893bde7182a"
  integrity sha512-o7FhBLONk1mLT2ytlj/j/WuJcPdhWcVpysSJn1s9+zRdLwLKveipbPi5SIasJIqMq0T4CkQW76pxJYMqz9HrQA==

"@esbuild/netbsd-x64@0.17.0":
  version "0.17.0"
  resolved "https://registry.yarnpkg.com/@esbuild/netbsd-x64/-/netbsd-x64-0.17.0.tgz#46e770aa6a14dad73d2cdf6a9521585eca1005ef"
  integrity sha512-V6xXsv71b8vwFCW/ky82Rs//SbyA+ORty6A7Mzkg33/4NbYZ/1Vcbk7qAN5oi0i/gS4Q0+7dYT7NqaiVZ7+Xjw==

"@esbuild/openbsd-x64@0.17.0":
  version "0.17.0"
  resolved "https://registry.yarnpkg.com/@esbuild/openbsd-x64/-/openbsd-x64-0.17.0.tgz#5d4070663448db20d3de42f7a44a2c2dd0cac847"
  integrity sha512-StlQor6A0Y9SSDxraytr46Qbz25zsSDmsG3MCaNkBnABKHP3QsngOCfdBikqHVVrXeK0KOTmtX92/ncTGULYgQ==

"@esbuild/sunos-x64@0.17.0":
  version "0.17.0"
  resolved "https://registry.yarnpkg.com/@esbuild/sunos-x64/-/sunos-x64-0.17.0.tgz#4a77dbf1691ce2fd9aba69f58248d46f3e28f98b"
  integrity sha512-K64Wqw57j8KrwjR3QjsuzN/qDGK6Cno6QYtIlWAmGab5iYPBZCWz7HFtF2a86/130LmUsdXqOID7J0SmjjRFIQ==

"@esbuild/win32-arm64@0.17.0":
  version "0.17.0"
  resolved "https://registry.yarnpkg.com/@esbuild/win32-arm64/-/win32-arm64-0.17.0.tgz#9b7cb6839240cd4408fbca6565c6a08e277d73bb"
  integrity sha512-hly6iSWAf0hf3aHD18/qW7iFQbg9KAQ0RFGG9plcxkhL4uGw43O+lETGcSO/PylNleFowP/UztpF6U4oCYgpPw==

"@esbuild/win32-ia32@0.17.0":
  version "0.17.0"
  resolved "https://registry.yarnpkg.com/@esbuild/win32-ia32/-/win32-ia32-0.17.0.tgz#059a1651b830bfc188920487badd12a8e1b8f050"
  integrity sha512-aL4EWPh0nyC5uYRfn+CHkTgawd4DjtmwquthNDmGf6Ht6+mUc+bQXyZNH1QIw8x20hSqFc4Tf36aLLWP/TPR3g==

"@esbuild/win32-x64@0.17.0":
  version "0.17.0"
  resolved "https://registry.yarnpkg.com/@esbuild/win32-x64/-/win32-x64-0.17.0.tgz#d2253fef7e7cd11f010f688fa4f5ebb2875f34c1"
  integrity sha512-W6IIQ9Rt43I/GqfXeBFLk0TvowKBoirs9sw2LPfhHax6ayMlW5PhFzSJ76I1ac9Pk/aRcSMrHWvVyZs8ZPK2wA==

"@hotwired/stimulus@^3.1.0":
  version "3.1.0"
  resolved "https://registry.yarnpkg.com/@hotwired/stimulus/-/stimulus-3.1.0.tgz#20215251e5afe6e0a3787285181ba1bfc9097df0"
  integrity sha512-iDMHUhiEJ1xFeicyHcZQQgBzhtk5mPR0QZO3L6wtqzMsJEk2TKECuCQTGKjm+KJTHVY0dKq1dOOAWvODjpd2Mg==

"@hotwired/stimulus@^3.2.1":
  version "3.2.1"
  resolved "https://registry.yarnpkg.com/@hotwired/stimulus/-/stimulus-3.2.1.tgz#e3de23623b0c52c247aba4cd5d530d257008676b"
  integrity sha512-HGlzDcf9vv/EQrMJ5ZG6VWNs8Z/xMN+1o2OhV1gKiSG6CqZt5MCBB1gRg5ILiN3U0jEAxuDTNPRfBcnZBDmupQ==

"@hotwired/turbo-rails@^7.2.4":
  version "7.2.4"
  resolved "https://registry.yarnpkg.com/@hotwired/turbo-rails/-/turbo-rails-7.2.4.tgz#d155533e79c4ebdac23e8fe12697d821d5c06307"
  integrity sha512-givDUQqaccd19BvErz1Cf2j6MXF74m0G6I75oqFJGeXAa7vwkz9nDplefVNrALCR9Xi9j9gy32xmSI6wD0tZyA==
  dependencies:
    "@hotwired/turbo" "^7.2.4"
    "@rails/actioncable" "^7.0"

"@hotwired/turbo@^7.2.4":
  version "7.2.4"
  resolved "https://registry.yarnpkg.com/@hotwired/turbo/-/turbo-7.2.4.tgz#0d35541be32cfae3b4f78c6ab9138f5b21f28a21"
  integrity sha512-c3xlOroHp/cCZHDOuLp6uzQYEbvXBUVaal0puXoGJ9M8L/KHwZ3hQozD4dVeSN9msHWLxxtmPT1TlCN7gFhj4w==

"@rails/actioncable@^7.0":
  version "7.0.3"
  resolved "https://registry.yarnpkg.com/@rails/actioncable/-/actioncable-7.0.3.tgz#71f08e958883af64f6a20489318b5e95d2c6dc5b"
  integrity sha512-Iefl21FZD+ck1di6xSHMYzSzRiNJTHV4NrAzCfDfqc/wPz4xncrP8f2/fJ+2jzwKIaDn76UVMsALh7R5OzsF8Q==

"@rails/request.js@^0.0.6":
  version "0.0.6"
  resolved "https://registry.yarnpkg.com/@rails/request.js/-/request.js-0.0.6.tgz#5f0347a9f363e50ec45118c7134080490cda81d8"
  integrity sha512-dfFWaQXitYJ4kxrgGJNhDNXX54/v10YgoJqBMVe6lhqs6a4N9WD7goZJEvwin82TtK8MqUNhwfyisgKwM6dMdg==

"@rails/request.js@^0.0.8":
  version "0.0.8"
  resolved "https://registry.yarnpkg.com/@rails/request.js/-/request.js-0.0.8.tgz#5e2e8da15013b1af7f04d759e4e9d1cff981865c"
  integrity sha512-ysHYZDl+XjBwFVXz7EI7XW+ZWiTFY8t7TrC/ahpAPt0p7NE4DZxm1nJQY9gmF4PBf+4pAYa+D/rLIGmrn1ZMvg==

"@shopify/app-bridge-utils@^3.5.0":
  version "3.5.0"
  resolved "https://registry.yarnpkg.com/@shopify/app-bridge-utils/-/app-bridge-utils-3.5.0.tgz#43f75136f8c65fd07274fac9b71d0085357f538d"
  integrity sha512-yIfO/fdGBU+Ty4VZ8K7JZUGDvQCyHTwcZQVNwnappEbfuip3LprNbTbXMoyp6enJ5uOLrVVuYVQfwly7/Q3lew==
  dependencies:
    "@shopify/app-bridge" "^3.5.0"

"@shopify/app-bridge@^3.5.0":
  version "3.7.0"
  resolved "https://registry.yarnpkg.com/@shopify/app-bridge/-/app-bridge-3.7.0.tgz#970eb4a33e239a46709bfa68deb9a9f7292f2f46"
  integrity sha512-HbQivVvX7+nL8aKlzYzlIK++G/hFQAZIFO8CsRi8kQJziyP+LcCpfvR9eIywnhCjpsD9/s4teSNrL6HeAldOYg==
  dependencies:
    base64url "^3.0.1"
    web-vitals "^3.0.1"

base64url@^3.0.1:
  version "3.0.1"
  resolved "https://registry.yarnpkg.com/base64url/-/base64url-3.0.1.tgz#6399d572e2bc3f90a9a8b22d5dbb0a32d33f788d"
  integrity sha512-ir1UPr3dkwexU7FdV8qBBbNDRUhMmIekYMFZfi+C/sLNnRESKPl23nB9b2pltqfOQNnGzsDdId90AEtG5tCx4A==

debounce@^1.2.1:
  version "1.2.1"
  resolved "https://registry.yarnpkg.com/debounce/-/debounce-1.2.1.tgz#38881d8f4166a5c5848020c11827b834bcb3e0a5"
  integrity sha512-XRRe6Glud4rd/ZGQfiV1ruXSfbvfJedlV9Y6zOlP+2K04vBYiJEte6stfFkCP03aMnY5tsipamumUjL14fofug==

dotenv@^16.0.3:
  version "16.0.3"
  resolved "https://registry.yarnpkg.com/dotenv/-/dotenv-16.0.3.tgz#115aec42bac5053db3c456db30cc243a5a836a07"
  integrity sha512-7GO6HghkA5fYG9TYnNxi14/7K9f5occMlp3zXAuSxn7CKCxt9xbNWG7yF8hTCSUchlfWSe3uLmlPfigevRItzQ==

esbuild@^0.17.0:
  version "0.17.0"
  resolved "https://registry.yarnpkg.com/esbuild/-/esbuild-0.17.0.tgz#fcf19373d1d546bdbec1557276284c0e6350380b"
  integrity sha512-4yGk3rD95iS/wGzrx0Ji5czZcx1j2wvfF1iAJaX2FIYLB6sU6wYkDeplpZHzfwQw2yXGXsAoxmO6LnMQkl04Kg==
  optionalDependencies:
    "@esbuild/android-arm" "0.17.0"
    "@esbuild/android-arm64" "0.17.0"
    "@esbuild/android-x64" "0.17.0"
    "@esbuild/darwin-arm64" "0.17.0"
    "@esbuild/darwin-x64" "0.17.0"
    "@esbuild/freebsd-arm64" "0.17.0"
    "@esbuild/freebsd-x64" "0.17.0"
    "@esbuild/linux-arm" "0.17.0"
    "@esbuild/linux-arm64" "0.17.0"
    "@esbuild/linux-ia32" "0.17.0"
    "@esbuild/linux-loong64" "0.17.0"
    "@esbuild/linux-mips64el" "0.17.0"
    "@esbuild/linux-ppc64" "0.17.0"
    "@esbuild/linux-riscv64" "0.17.0"
    "@esbuild/linux-s390x" "0.17.0"
    "@esbuild/linux-x64" "0.17.0"
    "@esbuild/netbsd-x64" "0.17.0"
    "@esbuild/openbsd-x64" "0.17.0"
    "@esbuild/sunos-x64" "0.17.0"
    "@esbuild/win32-arm64" "0.17.0"
    "@esbuild/win32-ia32" "0.17.0"
    "@esbuild/win32-x64" "0.17.0"

polaris-view-components@^0.12.0:
  version "0.12.0"
  resolved "https://registry.yarnpkg.com/polaris-view-components/-/polaris-view-components-0.12.0.tgz#10d91a4c8b893058aed7a91bd31764b615d9fa41"
  integrity sha512-gbQsjQuBWMBk9SIQvz/fywAALjiN80+Vc8+pw/+thYHfWIOSKZ/Az8bFlwenJXm1mPmLUpDZq8U7nil2BCzDZA==
  dependencies:
    "@hotwired/stimulus" "^3.1.0"
    "@rails/request.js" "^0.0.6"

web-vitals@^3.0.1:
  version "3.0.4"
  resolved "https://registry.yarnpkg.com/web-vitals/-/web-vitals-3.0.4.tgz#a78ea93e95f7d7961dd151e0a76ac132c5dee2c9"
  integrity sha512-Yau8qf1AJ/dm6MY180Bi0qpCIuWmAfKAnOqmxLecGfIHn0+ND3H4JOhXeY73Pyi9zjSF5J4SNUewHLNUzU7mmA==
